
Microsoft Visual Studio Solution File, Format Version 12.00
# Visual Studio Version 17
VisualStudioVersion = 17.0.31903.59
MinimumVisualStudioVersion = 10.0.40219.1
Project("{2150E333-8FDC-42A3-9474-1A3956D46DE8}") = "src", "src", "{827E0CD3-B72D-47B6-A68D-7590B98EB39B}"
EndProject
Project("{FAE04EC0-301F-11D3-BF4B-00C04F79EFBC}") = "LeanOAuth.Core", "src\LeanOAuth.Core\LeanOAuth.Core.csproj", "{25635779-9B0E-4C93-AF05-2FD3AF6E7CFE}"
EndProject
Project("{FAE04EC0-301F-11D3-BF4B-00C04F79EFBC}") = "LeanOAuth.Http", "src\LeanOAuth.Http\LeanOAuth.Http.csproj", "{CAFE56D4-2AAE-4D16-8126-E680A6B65443}"
EndProject
Project("{FAE04EC0-301F-11D3-BF4B-00C04F79EFBC}") = "LeanOAuth.AspNetCore", "src\LeanOAuth.AspNetCore\LeanOAuth.AspNetCore.csproj", "{C960BF93-642C-4784-90F9-5C8C4C8C94FA}"
EndProject
Project("{2150E333-8FDC-42A3-9474-1A3956D46DE8}") = "test", "test", "{0C88DD14-F956-CE84-757C-A364CCF449FC}"
EndProject
Project("{FAE04EC0-301F-11D3-BF4B-00C04F79EFBC}") = "LeanOAuth.Core.Tests.Unit", "test\LeanOAuth.Core.Tests.Unit\LeanOAuth.Core.Tests.Unit.csproj", "{9B78F1BC-1825-4FC7-B043-565B72E8F233}"
EndProject
Global
	GlobalSection(SolutionConfigurationPlatforms) = preSolution
		Debug|Any CPU = Debug|Any CPU
		Debug|x64 = Debug|x64
		Debug|x86 = Debug|x86
		Release|Any CPU = Release|Any CPU
		Release|x64 = Release|x64
		Release|x86 = Release|x86
	EndGlobalSection
	GlobalSection(ProjectConfigurationPlatforms) = postSolution
		{25635779-9B0E-4C93-AF05-2FD3AF6E7CFE}.Debug|Any CPU.ActiveCfg = Debug|Any CPU
		{25635779-9B0E-4C93-AF05-2FD3AF6E7CFE}.Debug|Any CPU.Build.0 = Debug|Any CPU
		{25635779-9B0E-4C93-AF05-2FD3AF6E7CFE}.Debug|x64.ActiveCfg = Debug|Any CPU
		{25635779-9B0E-4C93-AF05-2FD3AF6E7CFE}.Debug|x64.Build.0 = Debug|Any CPU
		{25635779-9B0E-4C93-AF05-2FD3AF6E7CFE}.Debug|x86.ActiveCfg = Debug|Any CPU
		{25635779-9B0E-4C93-AF05-2FD3AF6E7CFE}.Debug|x86.Build.0 = Debug|Any CPU
		{25635779-9B0E-4C93-AF05-2FD3AF6E7CFE}.Release|Any CPU.ActiveCfg = Release|Any CPU
		{25635779-9B0E-4C93-AF05-2FD3AF6E7CFE}.Release|Any CPU.Build.0 = Release|Any CPU
		{25635779-9B0E-4C93-AF05-2FD3AF6E7CFE}.Release|x64.ActiveCfg = Release|Any CPU
		{25635779-9B0E-4C93-AF05-2FD3AF6E7CFE}.Release|x64.Build.0 = Release|Any CPU
		{25635779-9B0E-4C93-AF05-2FD3AF6E7CFE}.Release|x86.ActiveCfg = Release|Any CPU
		{25635779-9B0E-4C93-AF05-2FD3AF6E7CFE}.Release|x86.Build.0 = Release|Any CPU
		{CAFE56D4-2AAE-4D16-8126-E680A6B65443}.Debug|Any CPU.ActiveCfg = Debug|Any CPU
		{CAFE56D4-2AAE-4D16-8126-E680A6B65443}.Debug|Any CPU.Build.0 = Debug|Any CPU
		{CAFE56D4-2AAE-4D16-8126-E680A6B65443}.Debug|x64.ActiveCfg = Debug|Any CPU
		{CAFE56D4-2AAE-4D16-8126-E680A6B65443}.Debug|x64.Build.0 = Debug|Any CPU
		{CAFE56D4-2AAE-4D16-8126-E680A6B65443}.Debug|x86.ActiveCfg = Debug|Any CPU
		{CAFE56D4-2AAE-4D16-8126-E680A6B65443}.Debug|x86.Build.0 = Debug|Any CPU
		{CAFE56D4-2AAE-4D16-8126-E680A6B65443}.Release|Any CPU.ActiveCfg = Release|Any CPU
		{CAFE56D4-2AAE-4D16-8126-E680A6B65443}.Release|Any CPU.Build.0 = Release|Any CPU
		{CAFE56D4-2AAE-4D16-8126-E680A6B65443}.Release|x64.ActiveCfg = Release|Any CPU
		{CAFE56D4-2AAE-4D16-8126-E680A6B65443}.Release|x64.Build.0 = Release|Any CPU
		{CAFE56D4-2AAE-4D16-8126-E680A6B65443}.Release|x86.ActiveCfg = Release|Any CPU
		{CAFE56D4-2AAE-4D16-8126-E680A6B65443}.Release|x86.Build.0 = Release|Any CPU
		{C960BF93-642C-4784-90F9-5C8C4C8C94FA}.Debug|Any CPU.ActiveCfg = Debug|Any CPU
		{C960BF93-642C-4784-90F9-5C8C4C8C94FA}.Debug|Any CPU.Build.0 = Debug|Any CPU
		{C960BF93-642C-4784-90F9-5C8C4C8C94FA}.Debug|x64.ActiveCfg = Debug|Any CPU
		{C960BF93-642C-4784-90F9-5C8C4C8C94FA}.Debug|x64.Build.0 = Debug|Any CPU
		{C960BF93-642C-4784-90F9-5C8C4C8C94FA}.Debug|x86.ActiveCfg = Debug|Any CPU
		{C960BF93-642C-4784-90F9-5C8C4C8C94FA}.Debug|x86.Build.0 = Debug|Any CPU
		{C960BF93-642C-4784-90F9-5C8C4C8C94FA}.Release|Any CPU.ActiveCfg = Release|Any CPU
		{C960BF93-642C-4784-90F9-5C8C4C8C94FA}.Release|Any CPU.Build.0 = Release|Any CPU
		{C960BF93-642C-4784-90F9-5C8C4C8C94FA}.Release|x64.ActiveCfg = Release|Any CPU
		{C960BF93-642C-4784-90F9-5C8C4C8C94FA}.Release|x64.Build.0 = Release|Any CPU
		{C960BF93-642C-4784-90F9-5C8C4C8C94FA}.Release|x86.ActiveCfg = Release|Any CPU
		{C960BF93-642C-4784-90F9-5C8C4C8C94FA}.Release|x86.Build.0 = Release|Any CPU
		{9B78F1BC-1825-4FC7-B043-565B72E8F233}.Debug|Any CPU.ActiveCfg = Debug|Any CPU
		{9B78F1BC-1825-4FC7-B043-565B72E8F233}.Debug|Any CPU.Build.0 = Debug|Any CPU
		{9B78F1BC-1825-4FC7-B043-565B72E8F233}.Debug|x64.ActiveCfg = Debug|Any CPU
		{9B78F1BC-1825-4FC7-B043-565B72E8F233}.Debug|x64.Build.0 = Debug|Any CPU
		{9B78F1BC-1825-4FC7-B043-565B72E8F233}.Debug|x86.ActiveCfg = Debug|Any CPU
		{9B78F1BC-1825-4FC7-B043-565B72E8F233}.Debug|x86.Build.0 = Debug|Any CPU
		{9B78F1BC-1825-4FC7-B043-565B72E8F233}.Release|Any CPU.ActiveCfg = Release|Any CPU
		{9B78F1BC-1825-4FC7-B043-565B72E8F233}.Release|Any CPU.Build.0 = Release|Any CPU
		{9B78F1BC-1825-4FC7-B043-565B72E8F233}.Release|x64.ActiveCfg = Release|Any CPU
		{9B78F1BC-1825-4FC7-B043-565B72E8F233}.Release|x64.Build.0 = Release|Any CPU
		{9B78F1BC-1825-4FC7-B043-565B72E8F233}.Release|x86.ActiveCfg = Release|Any CPU
		{9B78F1BC-1825-4FC7-B043-565B72E8F233}.Release|x86.Build.0 = Release|Any CPU
	EndGlobalSection
	GlobalSection(SolutionProperties) = preSolution
		HideSolutionNode = FALSE
	EndGlobalSection
	GlobalSection(NestedProjects) = preSolution
		{25635779-9B0E-4C93-AF05-2FD3AF6E7CFE} = {827E0CD3-B72D-47B6-A68D-7590B98EB39B}
		{CAFE56D4-2AAE-4D16-8126-E680A6B65443} = {827E0CD3-B72D-47B6-A68D-7590B98EB39B}
		{C960BF93-642C-4784-90F9-5C8C4C8C94FA} = {827E0CD3-B72D-47B6-A68D-7590B98EB39B}
		{9B78F1BC-1825-4FC7-B043-565B72E8F233} = {0C88DD14-F956-CE84-757C-A364CCF449FC}
	EndGlobalSection
EndGlobal
